{
  "name": "portfolio",
  "version": "1.0.0",
  "lockfileVersion": 1,
  "requires": true,
  "dependencies": {
    "@fortawesome/fontawesome-common-types": {
      "version": "0.2.28",
      "resolved": "https://registry.npmjs.org/@fortawesome/fontawesome-common-types/-/fontawesome-common-types-0.2.28.tgz",
      "integrity": "sha512-gtis2/5yLdfI6n0ia0jH7NJs5i/Z/8M/ZbQL6jXQhCthEOe5Cr5NcQPhgTvFxNOtURE03/ZqUcEskdn2M+QaBg=="
    },
    "@fortawesome/fontawesome-free": {
      "version": "5.13.0",
      "resolved": "https://registry.npmjs.org/@fortawesome/fontawesome-free/-/fontawesome-free-5.13.0.tgz",
      "integrity": "sha512-xKOeQEl5O47GPZYIMToj6uuA2syyFlq9EMSl2ui0uytjY9xbe8XS0pexNWmxrdcCyNGyDmLyYw5FtKsalBUeOg=="
    },
    "@fortawesome/fontawesome-svg-core": {
      "version": "1.2.28",
      "resolved": "https://registry.npmjs.org/@fortawesome/fontawesome-svg-core/-/fontawesome-svg-core-1.2.28.tgz",
      "integrity": "sha512-4LeaNHWvrneoU0i8b5RTOJHKx7E+y7jYejplR7uSVB34+mp3Veg7cbKk7NBCLiI4TyoWS1wh9ZdoyLJR8wSAdg==",
      "requires": {
        "@fortawesome/fontawesome-common-types": "^0.2.28"
      }
    },
    "@fortawesome/free-solid-svg-icons": {
      "version": "5.13.0",
      "resolved": "https://registry.npmjs.org/@fortawesome/free-solid-svg-icons/-/free-solid-svg-icons-5.13.0.tgz",
      "integrity": "sha512-IHUgDJdomv6YtG4p3zl1B5wWf9ffinHIvebqQOmV3U+3SLw4fC+LUCCgwfETkbTtjy5/Qws2VoVf6z/ETQpFpg==",
      "requires": {
        "@fortawesome/fontawesome-common-types": "^0.2.28"
      }
    },
    "@fortawesome/vue-fontawesome": {
      "version": "0.1.9",
      "resolved": "https://registry.npmjs.org/@fortawesome/vue-fontawesome/-/vue-fontawesome-0.1.9.tgz",
      "integrity": "sha512-h/emhmZz+DfB2zOGLWawNwXq82UYhn9waTfUjLLmeaIqtnIyNt6kYlpQT/vzJjLZRDRvY2IEJAh1di5qKpKVpA=="
    },
    "vue": {
      "version": "2.6.11",
      "resolved": "https://registry.npmjs.org/vue/-/vue-2.6.11.tgz",
      "integrity": "sha512-VfPwgcGABbGAue9+sfrD4PuwFar7gPb1yl1UK1MwXoQPAw0BKSqWfoYCT/ThFrdEVWoI51dBuyCoiNU9bZDZxQ=="
    }
  }
}
